
Microsoft Visual Studio Solution File, Format Version 12.00
# Visual Studio Version 17
VisualStudioVersion = 17.3.32929.385
MinimumVisualStudioVersion = 10.0.40219.1
Project("{8BC9CEB8-8B4A-11D0-8D11-00A0C91BC942}") = "Labs", "ITMO.CppCourse.exercises\ITMO.CppCourse.exercises.vcxproj", "{DC68DDEA-B1CB-4349-8AAB-9D6368B4384B}"
EndProject
Project("{8BC9CEB8-8B4A-11D0-8D11-00A0C91BC942}") = "Lab3", "Lab3\Lab3.vcxproj", "{D2B7A0C8-63C1-4D57-AC83-63DFCCB12E8D}"
EndProject
Project("{8BC9CEB8-8B4A-11D0-8D11-00A0C91BC942}") = "Lab4", "Lab4\Lab4.vcxproj", "{1F301FC1-E65B-4709-A378-2CA77DDA9AAE}"
EndProject
Project("{8BC9CEB8-8B4A-11D0-8D11-00A0C91BC942}") = "Lab5", "Lab5\Lab5.vcxproj", "{3EAA2A70-CD4B-4944-A14E-A48C2DE93B71}"
EndProject
Project("{8BC9CEB8-8B4A-11D0-8D11-00A0C91BC942}") = "Lab6", "Lab6\Lab6.vcxproj", "{87E9C93E-2375-43AD-BB02-18A9AC597D9A}"
EndProject
Project("{8BC9CEB8-8B4A-11D0-8D11-00A0C91BC942}") = "Lab7", "Lab7\Lab7.vcxproj", "{312604E3-4D0C-41C1-BD11-8FB09844E441}"
EndProject
Project("{8BC9CEB8-8B4A-11D0-8D11-00A0C91BC942}") = "Lab8", "Lab8\Lab8.vcxproj", "{8185DB12-2BE2-44C3-B70C-17D0E419ED35}"
EndProject
Project("{8BC9CEB8-8B4A-11D0-8D11-00A0C91BC942}") = "Lab9.2", "Lab9\Lab9.vcxproj", "{0F4BFEC6-47F7-4E4C-8EFD-FE79A652AF7F}"
EndProject
Project("{8BC9CEB8-8B4A-11D0-8D11-00A0C91BC942}") = "Lab9.1", "Lab9.1\Lab9.1.vcxproj", "{7FC0EE09-4E52-40D2-ADF4-FFD5577B1885}"
EndProject
Project("{8BC9CEB8-8B4A-11D0-8D11-00A0C91BC942}") = "Lab10", "Lab10\Lab10.vcxproj", "{9FDEB985-7CB5-4ACF-B859-A7910D0505A2}"
EndProject
Project("{8BC9CEB8-8B4A-11D0-8D11-00A0C91BC942}") = "Lab11.1", "Lab11.1\Lab11.1.vcxproj", "{79E16767-6425-4F31-B0FF-61807EA0CD81}"
EndProject
Project("{8BC9CEB8-8B4A-11D0-8D11-00A0C91BC942}") = "Lab11.2", "Lab11.2\Lab11.2.vcxproj", "{CC6E5FA9-68DF-4680-BA79-A62C2D9A35CC}"
EndProject
Project("{8BC9CEB8-8B4A-11D0-8D11-00A0C91BC942}") = "Final", "Final\Final.vcxproj", "{B5B9AE8D-65D2-4303-B9C3-BE24D8A07EE1}"
EndProject
Global
	GlobalSection(SolutionConfigurationPlatforms) = preSolution
		Debug|x64 = Debug|x64
		Debug|x86 = Debug|x86
		Release|x64 = Release|x64
		Release|x86 = Release|x86
	EndGlobalSection
	GlobalSection(ProjectConfigurationPlatforms) = postSolution
		{DC68DDEA-B1CB-4349-8AAB-9D6368B4384B}.Debug|x64.ActiveCfg = Debug|x64
		{DC68DDEA-B1CB-4349-8AAB-9D6368B4384B}.Debug|x64.Build.0 = Debug|x64
		{DC68DDEA-B1CB-4349-8AAB-9D6368B4384B}.Debug|x86.ActiveCfg = Debug|Win32
		{DC68DDEA-B1CB-4349-8AAB-9D6368B4384B}.Debug|x86.Build.0 = Debug|Win32
		{DC68DDEA-B1CB-4349-8AAB-9D6368B4384B}.Release|x64.ActiveCfg = Release|x64
		{DC68DDEA-B1CB-4349-8AAB-9D6368B4384B}.Release|x64.Build.0 = Release|x64
		{DC68DDEA-B1CB-4349-8AAB-9D6368B4384B}.Release|x86.ActiveCfg = Release|Win32
		{DC68DDEA-B1CB-4349-8AAB-9D6368B4384B}.Release|x86.Build.0 = Release|Win32
		{D2B7A0C8-63C1-4D57-AC83-63DFCCB12E8D}.Debug|x64.ActiveCfg = Debug|x64
		{D2B7A0C8-63C1-4D57-AC83-63DFCCB12E8D}.Debug|x64.Build.0 = Debug|x64
		{D2B7A0C8-63C1-4D57-AC83-63DFCCB12E8D}.Debug|x86.ActiveCfg = Debug|Win32
		{D2B7A0C8-63C1-4D57-AC83-63DFCCB12E8D}.Debug|x86.Build.0 = Debug|Win32
		{D2B7A0C8-63C1-4D57-AC83-63DFCCB12E8D}.Release|x64.ActiveCfg = Release|x64
		{D2B7A0C8-63C1-4D57-AC83-63DFCCB12E8D}.Release|x64.Build.0 = Release|x64
		{D2B7A0C8-63C1-4D57-AC83-63DFCCB12E8D}.Release|x86.ActiveCfg = Release|Win32
		{D2B7A0C8-63C1-4D57-AC83-63DFCCB12E8D}.Release|x86.Build.0 = Release|Win32
		{1F301FC1-E65B-4709-A378-2CA77DDA9AAE}.Debug|x64.ActiveCfg = Debug|x64
		{1F301FC1-E65B-4709-A378-2CA77DDA9AAE}.Debug|x64.Build.0 = Debug|x64
		{1F301FC1-E65B-4709-A378-2CA77DDA9AAE}.Debug|x86.ActiveCfg = Debug|Win32
		{1F301FC1-E65B-4709-A378-2CA77DDA9AAE}.Debug|x86.Build.0 = Debug|Win32
		{1F301FC1-E65B-4709-A378-2CA77DDA9AAE}.Release|x64.ActiveCfg = Release|x64
		{1F301FC1-E65B-4709-A378-2CA77DDA9AAE}.Release|x64.Build.0 = Release|x64
		{1F301FC1-E65B-4709-A378-2CA77DDA9AAE}.Release|x86.ActiveCfg = Release|Win32
		{1F301FC1-E65B-4709-A378-2CA77DDA9AAE}.Release|x86.Build.0 = Release|Win32
		{3EAA2A70-CD4B-4944-A14E-A48C2DE93B71}.Debug|x64.ActiveCfg = Debug|x64
		{3EAA2A70-CD4B-4944-A14E-A48C2DE93B71}.Debug|x64.Build.0 = Debug|x64
		{3EAA2A70-CD4B-4944-A14E-A48C2DE93B71}.Debug|x86.ActiveCfg = Debug|Win32
		{3EAA2A70-CD4B-4944-A14E-A48C2DE93B71}.Debug|x86.Build.0 = Debug|Win32
		{3EAA2A70-CD4B-4944-A14E-A48C2DE93B71}.Release|x64.ActiveCfg = Release|x64
		{3EAA2A70-CD4B-4944-A14E-A48C2DE93B71}.Release|x64.Build.0 = Release|x64
		{3EAA2A70-CD4B-4944-A14E-A48C2DE93B71}.Release|x86.ActiveCfg = Release|Win32
		{3EAA2A70-CD4B-4944-A14E-A48C2DE93B71}.Release|x86.Build.0 = Release|Win32
		{87E9C93E-2375-43AD-BB02-18A9AC597D9A}.Debug|x64.ActiveCfg = Debug|x64
		{87E9C93E-2375-43AD-BB02-18A9AC597D9A}.Debug|x64.Build.0 = Debug|x64
		{87E9C93E-2375-43AD-BB02-18A9AC597D9A}.Debug|x86.ActiveCfg = Debug|Win32
		{87E9C93E-2375-43AD-BB02-18A9AC597D9A}.Debug|x86.Build.0 = Debug|Win32
		{87E9C93E-2375-43AD-BB02-18A9AC597D9A}.Release|x64.ActiveCfg = Release|x64
		{87E9C93E-2375-43AD-BB02-18A9AC597D9A}.Release|x64.Build.0 = Release|x64
		{87E9C93E-2375-43AD-BB02-18A9AC597D9A}.Release|x86.ActiveCfg = Release|Win32
		{87E9C93E-2375-43AD-BB02-18A9AC597D9A}.Release|x86.Build.0 = Release|Win32
		{312604E3-4D0C-41C1-BD11-8FB09844E441}.Debug|x64.ActiveCfg = Debug|x64
		{312604E3-4D0C-41C1-BD11-8FB09844E441}.Debug|x64.Build.0 = Debug|x64
		{312604E3-4D0C-41C1-BD11-8FB09844E441}.Debug|x86.ActiveCfg = Debug|Win32
		{312604E3-4D0C-41C1-BD11-8FB09844E441}.Debug|x86.Build.0 = Debug|Win32
		{312604E3-4D0C-41C1-BD11-8FB09844E441}.Release|x64.ActiveCfg = Release|x64
		{312604E3-4D0C-41C1-BD11-8FB09844E441}.Release|x64.Build.0 = Release|x64
		{312604E3-4D0C-41C1-BD11-8FB09844E441}.Release|x86.ActiveCfg = Release|Win32
		{312604E3-4D0C-41C1-BD11-8FB09844E441}.Release|x86.Build.0 = Release|Win32
		{8185DB12-2BE2-44C3-B70C-17D0E419ED35}.Debug|x64.ActiveCfg = Debug|x64
		{8185DB12-2BE2-44C3-B70C-17D0E419ED35}.Debug|x64.Build.0 = Debug|x64
		{8185DB12-2BE2-44C3-B70C-17D0E419ED35}.Debug|x86.ActiveCfg = Debug|Win32
		{8185DB12-2BE2-44C3-B70C-17D0E419ED35}.Debug|x86.Build.0 = Debug|Win32
		{8185DB12-2BE2-44C3-B70C-17D0E419ED35}.Release|x64.ActiveCfg = Release|x64
		{8185DB12-2BE2-44C3-B70C-17D0E419ED35}.Release|x64.Build.0 = Release|x64
		{8185DB12-2BE2-44C3-B70C-17D0E419ED35}.Release|x86.ActiveCfg = Release|Win32
		{8185DB12-2BE2-44C3-B70C-17D0E419ED35}.Release|x86.Build.0 = Release|Win32
		{0F4BFEC6-47F7-4E4C-8EFD-FE79A652AF7F}.Debug|x64.ActiveCfg = Debug|x64
		{0F4BFEC6-47F7-4E4C-8EFD-FE79A652AF7F}.Debug|x64.Build.0 = Debug|x64
		{0F4BFEC6-47F7-4E4C-8EFD-FE79A652AF7F}.Debug|x86.ActiveCfg = Debug|Win32
		{0F4BFEC6-47F7-4E4C-8EFD-FE79A652AF7F}.Debug|x86.Build.0 = Debug|Win32
		{0F4BFEC6-47F7-4E4C-8EFD-FE79A652AF7F}.Release|x64.ActiveCfg = Release|x64
		{0F4BFEC6-47F7-4E4C-8EFD-FE79A652AF7F}.Release|x64.Build.0 = Release|x64
		{0F4BFEC6-47F7-4E4C-8EFD-FE79A652AF7F}.Release|x86.ActiveCfg = Release|Win32
		{0F4BFEC6-47F7-4E4C-8EFD-FE79A652AF7F}.Release|x86.Build.0 = Release|Win32
		{7FC0EE09-4E52-40D2-ADF4-FFD5577B1885}.Debug|x64.ActiveCfg = Debug|x64
		{7FC0EE09-4E52-40D2-ADF4-FFD5577B1885}.Debug|x64.Build.0 = Debug|x64
		{7FC0EE09-4E52-40D2-ADF4-FFD5577B1885}.Debug|x86.ActiveCfg = Debug|Win32
		{7FC0EE09-4E52-40D2-ADF4-FFD5577B1885}.Debug|x86.Build.0 = Debug|Win32
		{7FC0EE09-4E52-40D2-ADF4-FFD5577B1885}.Release|x64.ActiveCfg = Release|x64
		{7FC0EE09-4E52-40D2-ADF4-FFD5577B1885}.Release|x64.Build.0 = Release|x64
		{7FC0EE09-4E52-40D2-ADF4-FFD5577B1885}.Release|x86.ActiveCfg = Release|Win32
		{7FC0EE09-4E52-40D2-ADF4-FFD5577B1885}.Release|x86.Build.0 = Release|Win32
		{9FDEB985-7CB5-4ACF-B859-A7910D0505A2}.Debug|x64.ActiveCfg = Debug|x64
		{9FDEB985-7CB5-4ACF-B859-A7910D0505A2}.Debug|x64.Build.0 = Debug|x64
		{9FDEB985-7CB5-4ACF-B859-A7910D0505A2}.Debug|x86.ActiveCfg = Debug|Win32
		{9FDEB985-7CB5-4ACF-B859-A7910D0505A2}.Debug|x86.Build.0 = Debug|Win32
		{9FDEB985-7CB5-4ACF-B859-A7910D0505A2}.Release|x64.ActiveCfg = Release|x64
		{9FDEB985-7CB5-4ACF-B859-A7910D0505A2}.Release|x64.Build.0 = Release|x64
		{9FDEB985-7CB5-4ACF-B859-A7910D0505A2}.Release|x86.ActiveCfg = Release|Win32
		{9FDEB985-7CB5-4ACF-B859-A7910D0505A2}.Release|x86.Build.0 = Release|Win32
		{79E16767-6425-4F31-B0FF-61807EA0CD81}.Debug|x64.ActiveCfg = Debug|x64
		{79E16767-6425-4F31-B0FF-61807EA0CD81}.Debug|x64.Build.0 = Debug|x64
		{79E16767-6425-4F31-B0FF-61807EA0CD81}.Debug|x86.ActiveCfg = Debug|Win32
		{79E16767-6425-4F31-B0FF-61807EA0CD81}.Debug|x86.Build.0 = Debug|Win32
		{79E16767-6425-4F31-B0FF-61807EA0CD81}.Release|x64.ActiveCfg = Release|x64
		{79E16767-6425-4F31-B0FF-61807EA0CD81}.Release|x64.Build.0 = Release|x64
		{79E16767-6425-4F31-B0FF-61807EA0CD81}.Release|x86.ActiveCfg = Release|Win32
		{79E16767-6425-4F31-B0FF-61807EA0CD81}.Release|x86.Build.0 = Release|Win32
		{CC6E5FA9-68DF-4680-BA79-A62C2D9A35CC}.Debug|x64.ActiveCfg = Debug|x64
		{CC6E5FA9-68DF-4680-BA79-A62C2D9A35CC}.Debug|x64.Build.0 = Debug|x64
		{CC6E5FA9-68DF-4680-BA79-A62C2D9A35CC}.Debug|x86.ActiveCfg = Debug|Win32
		{CC6E5FA9-68DF-4680-BA79-A62C2D9A35CC}.Debug|x86.Build.0 = Debug|Win32
		{CC6E5FA9-68DF-4680-BA79-A62C2D9A35CC}.Release|x64.ActiveCfg = Release|x64
		{CC6E5FA9-68DF-4680-BA79-A62C2D9A35CC}.Release|x64.Build.0 = Release|x64
		{CC6E5FA9-68DF-4680-BA79-A62C2D9A35CC}.Release|x86.ActiveCfg = Release|Win32
		{CC6E5FA9-68DF-4680-BA79-A62C2D9A35CC}.Release|x86.Build.0 = Release|Win32
		{B5B9AE8D-65D2-4303-B9C3-BE24D8A07EE1}.Debug|x64.ActiveCfg = Debug|x64
		{B5B9AE8D-65D2-4303-B9C3-BE24D8A07EE1}.Debug|x64.Build.0 = Debug|x64
		{B5B9AE8D-65D2-4303-B9C3-BE24D8A07EE1}.Debug|x86.ActiveCfg = Debug|Win32
		{B5B9AE8D-65D2-4303-B9C3-BE24D8A07EE1}.Debug|x86.Build.0 = Debug|Win32
		{B5B9AE8D-65D2-4303-B9C3-BE24D8A07EE1}.Release|x64.ActiveCfg = Release|x64
		{B5B9AE8D-65D2-4303-B9C3-BE24D8A07EE1}.Release|x64.Build.0 = Release|x64
		{B5B9AE8D-65D2-4303-B9C3-BE24D8A07EE1}.Release|x86.ActiveCfg = Release|Win32
		{B5B9AE8D-65D2-4303-B9C3-BE24D8A07EE1}.Release|x86.Build.0 = Release|Win32
	EndGlobalSection
	GlobalSection(SolutionProperties) = preSolution
		HideSolutionNode = FALSE
	EndGlobalSection
	GlobalSection(ExtensibilityGlobals) = postSolution
		SolutionGuid = {09443C43-4520-4623-A50B-0B03C9F80A69}
	EndGlobalSection
EndGlobal
